// !$*UTF8*$!
{
	archiveVersion = 1;
	classes = {
	};
	objectVersion = 50;
	objects = {

/* Begin PBXBuildFile section */
		CEBDD38022EE86A5002E4B30 /* AppDelegate.swift in Sources */ = {isa = PBXBuildFile; fileRef = CEBDD37F22EE86A5002E4B30 /* AppDelegate.swift */; };
		CEBDD38222EE86A5002E4B30 /* ViewController.swift in Sources */ = {isa = PBXBuildFile; fileRef = CEBDD38122EE86A5002E4B30 /* ViewController.swift */; };
		CEBDD38522EE86A5002E4B30 /* Main.storyboard in Resources */ = {isa = PBXBuildFile; fileRef = CEBDD38322EE86A5002E4B30 /* Main.storyboard */; };
		CEBDD38722EE86A8002E4B30 /* Assets.xcassets in Resources */ = {isa = PBXBuildFile; fileRef = CEBDD38622EE86A8002E4B30 /* Assets.xcassets */; };
		CEBDD38A22EE86A8002E4B30 /* LaunchScreen.storyboard in Resources */ = {isa = PBXBuildFile; fileRef = CEBDD38822EE86A8002E4B30 /* LaunchScreen.storyboard */; };
/* End PBXBuildFile section */

/* Begin PBXFileReference section */
		CEBDD37C22EE86A5002E4B30 /* IQKeyboardManagerSwiftProject.app */ = {isa = PBXFileReference; explicitFileType = wrapper.application; includeInIndex = 0; path = IQKeyboardManagerSwiftProject.app; sourceTree = BUILT_PRODUCTS_DIR; };
		CEBDD37F22EE86A5002E4B30 /* AppDelegate.swift */ = {isa = PBXFileReference; lastKnownFileType = sourcecode.swift; path = AppDelegate.swift; sourceTree = "<group>"; };
		CEBDD38122EE86A5002E4B30 /* ViewController.swift */ = {isa = PBXFileReference; lastKnownFileType = sourcecode.swift; path = ViewController.swift; sourceTree = "<group>"; };
		CEBDD38422EE86A5002E4B30 /* Base */ = {isa = PBXFileReference; lastKnownFileType = file.storyboard; name = Base; path = Base.lproj/Main.storyboard; sourceTree = "<group>"; };
		CEBDD38622EE86A8002E4B30 /* Assets.xcassets */ = {isa = PBXFileReference; lastKnownFileType = folder.assetcatalog; path = Assets.xcassets; sourceTree = "<group>"; };
		CEBDD38922EE86A8002E4B30 /* Base */ = {isa = PBXFileReference; lastKnownFileType = file.storyboard; name = Base; path = Base.lproj/LaunchScreen.storyboard; sourceTree = "<group>"; };
		CEBDD38B22EE86A8002E4B30 /* Info.plist */ = {isa = PBXFileReference; lastKnownFileType = text.plist.xml; path = Info.plist; sourceTree = "<group>"; };
/* End PBXFileReference section */

/* Begin PBXFrameworksBuildPhase section */
		CEBDD37922EE86A5002E4B30 /* Frameworks */ = {
			isa = PBXFrameworksBuildPhase;
			buildActionMask = 2147483647;
			files = (
			);
			runOnlyForDeploymentPostprocessing = 0;
		};
/* End PBXFrameworksBuildPhase section */

/* Begin PBXGroup section */
		CEBDD37322EE86A5002E4B30 = {
			isa = PBXGroup;
			children = (
				CEBDD37E22EE86A5002E4B30 /* IQKeyboardManagerSwiftProject */,
				CEBDD37D22EE86A5002E4B30 /* Products */,
			);
			sourceTree = "<group>";
		};
		CEBDD37D22EE86A5002E4B30 /* Products */ = {
			isa = PBXGroup;
			children = (
				CEBDD37C22EE86A5002E4B30 /* IQKeyboardManagerSwiftProject.app */,
			);
			name = Products;
			sourceTree = "<group>";
		};
		CEBDD37E22EE86A5002E4B30 /* IQKeyboardManagerSwiftProject */ = {
			isa = PBXGroup;
			children = (
				CEBDD37F22EE86A5002E4B30 /* AppDelegate.swift */,
				CEBDD38122EE86A5002E4B30 /* ViewController.swift */,
				CEBDD38322EE86A5002E4B30 /* Main.storyboard */,
				CEBDD38622EE86A8002E4B30 /* Assets.xcassets */,
				CEBDD38822EE86A8002E4B30 /* LaunchScreen.storyboard */,
				CEBDD38B22EE86A8002E4B30 /* Info.plist */,
			);
			path = IQKeyboardManagerSwiftProject;
			sourceTree = "<group>";
		};
/* End PBXGroup section */

/* Begin PBXNativeTarget section */
		CEBDD37B22EE86A5002E4B30 /* IQKeyboardManagerSwiftProject */ = {
			isa = PBXNativeTarget;
			buildConfigurationList = CEBDD38E22EE86A8002E4B30 /* Build configuration list for PBXNativeTarget "IQKeyboardManagerSwiftProject" */;
			buildPhases = (
				CEBDD37822EE86A5002E4B30 /* Sources */,
				CEBDD37922EE86A5002E4B30 /* Frameworks */,
				CEBDD37A22EE86A5002E4B30 /* Resources */,
			);
			buildRules = (
			);
			dependencies = (
			);
			name = IQKeyboardManagerSwiftProject;
			productName = IQKeyboardManagerSwiftProject;
			productReference = CEBDD37C22EE86A5002E4B30 /* IQKeyboardManagerSwiftProject.app */;
			productType = "com.apple.product-type.application";
		};
/* End PBXNativeTarget section */

/* Begin PBXProject section */
		CEBDD37422EE86A5002E4B30 /* Project object */ = {
			isa = PBXProject;
			attributes = {
				LastSwiftUpdateCheck = 1020;
				LastUpgradeCheck = 1020;
				ORGANIZATIONNAME = "谷地元　星斗";
				TargetAttributes = {
					CEBDD37B22EE86A5002E4B30 = {
						CreatedOnToolsVersion = 10.2.1;
					};
				};
			};
			buildConfigurationList = CEBDD37722EE86A5002E4B30 /* Build configuration list for PBXProject "IQKeyboardManagerSwiftProject" */;
			compatibilityVersion = "Xcode 9.3";
			developmentRegion = en;
			hasScannedForEncodings = 0;
			knownRegions = (
				en,
				Base,
			);
			mainGroup = CEBDD37322EE86A5002E4B30;
			productRefGroup = CEBDD37D22EE86A5002E4B30 /* Products */;
			projectDirPath = "";
			projectRoot = "";
			targets = (
				CEBDD37B22EE86A5002E4B30 /* IQKeyboardManagerSwiftProject */,
			);
		};
/* End PBXProject section */

/* Begin PBXResourcesBuildPhase section */
		CEBDD37A22EE86A5002E4B30 /* Resources */ = {
			isa = PBXResourcesBuildPhase;
			buildActionMask = 2147483647;
			files = (
				CEBDD38A22EE86A8002E4B30 /* LaunchScreen.storyboard in Resources */,
				CEBDD38722EE86A8002E4B30 /* Assets.xcassets in Resources */,
				CEBDD38522EE86A5002E4B30 /* Main.storyboard in Resources */,
			);
			runOnlyForDeploymentPostprocessing = 0;
		};
/* End PBXResourcesBuildPhase section */

/* Begin PBXSourcesBuildPhase section */
		CEBDD37822EE86A5002E4B30 /* Sources */ = {
			isa = PBXSourcesBuildPhase;
			buildActionMask = 2147483647;
			files = (
				CEBDD38222EE86A5002E4B30 /* ViewController.swift in Sources */,
				CEBDD38022EE86A5002E4B30 /* AppDelegate.swift in Sources */,
			);
			runOnlyForDeploymentPostprocessing = 0;
		};
/* End PBXSourcesBuildPhase section */

/* Begin PBXVariantGroup section */
		CEBDD38322EE86A5002E4B30 /* Main.storyboard */ = {
			isa = PBXVariantGroup;
			children = (
				CEBDD38422EE86A5002E4B30 /* Base */,
			);
			name = Main.storyboard;
			sourceTree = "<group>";
		};
		CEBDD38822EE86A8002E4B30 /* LaunchScreen.storyboard */ = {
			isa = PBXVariantGroup;
			children = (
				CEBDD38922EE86A8002E4B30 /* Base */,
			);
			name = LaunchScreen.storyboard;
			sourceTree = "<group>";
		};
/* End PBXVariantGroup section */

/* Begin XCBuildConfiguration section */
		CEBDD38C22EE86A8002E4B30 /* Debug */ = {
			isa = XCBuildConfiguration;
			buildSettings = {
				ALWAYS_SEARCH_USER_PATHS = NO;
				CLANG_ANALYZER_NONNULL = YES;
				CLANG_ANALYZER_NUMBER_OBJECT_CONVERSION = YES_AGGRESSIVE;
				CLANG_CXX_LANGUAGE_STANDARD = "gnu++14";
				CLANG_CXX_LIBRARY = "libc++";
				CLANG_ENABLE_MODULES = YES;
				CLANG_ENABLE_OBJC_ARC = YES;
				CLANG_ENABLE_OBJC_WEAK = YES;
				CLANG_WARN_BLOCK_CAPTURE_AUTORELEASING = YES;
				CLANG_WARN_BOOL_CONVERSION = YES;
				CLANG_WARN_COMMA = YES;
				CLANG_WARN_CONSTANT_CONVERSION = YES;
				CLANG_WARN_DEPRECATED_OBJC_IMPLEMENTATIONS = YES;
				CLANG_WARN_DIRECT_OBJC_ISA_USAGE = YES_ERROR;
				CLANG_WARN_DOCUMENTATION_COMMENTS = YES;
				CLANG_WARN_EMPTY_BODY = YES;
				CLANG_WARN_ENUM_CONVERSION = YES;
				CLANG_WARN_INFINITE_RECURSION = YES;
				CLANG_WARN_INT_CONVERSION = YES;
				CLANG_WARN_NON_LITERAL_NULL_CONVERSION = YES;
				CLANG_WARN_OBJC_IMPLICIT_RETAIN_SELF = YES;
				CLANG_WARN_OBJC_LITERAL_CONVERSION = YES;
				CLANG_WARN_OBJC_ROOT_CLASS = YES_ERROR;
				CLANG_WARN_RANGE_LOOP_ANALYSIS = YES;
				CLANG_WARN_STRICT_PROTOTYPES = YES;
				CLANG_WARN_SUSPICIOUS_MOVE = YES;
				CLANG_WARN_UNGUARDED_AVAILABILITY = YES_AGGRESSIVE;
				CLANG_WARN_UNREACHABLE_CODE = YES;
				CLANG_WARN__DUPLICATE_METHOD_MATCH = YES;
				CODE_SIGN_IDENTITY = "iPhone Developer";
				COPY_PHASE_STRIP = NO;
				DEBUG_INFORMATION_FORMAT = dwarf;
				ENABLE_STRICT_OBJC_MSGSEND = YES;
				ENABLE_TESTABILITY = YES;
				GCC_C_LANGUAGE_STANDARD = gnu11;
				GCC_DYNAMIC_NO_PIC = NO;
				GCC_NO_COMMON_BLOCKS = YES;
				GCC_OPTIMIZATION_LEVEL = 0;
				GCC_PREPROCESSOR_DEFINITIONS = (
					"DEBUG=1",
					"$(inherited)",
				);
				GCC_WARN_64_TO_32_BIT_CONVERSION = YES;
				GCC_WARN_ABOUT_RETURN_TYPE = YES_ERROR;
				GCC_WARN_UNDECLARED_SELECTOR = YES;
				GCC_WARN_UNINITIALIZED_AUTOS = YES_AGGRESSIVE;
				GCC_WARN_UNUSED_FUNCTION = YES;
				GCC_WARN_UNUSED_VARIABLE = YES;
				IPHONEOS_DEPLOYMENT_TARGET = 12.2;
				MTL_ENABLE_DEBUG_INFO = INCLUDE_SOURCE;
				MTL_FAST_MATH = YES;
				ONLY_ACTIVE_ARCH = YES;
				SDKROOT = iphoneos;
				SWIFT_ACTIVE_COMPILATION_CONDITIONS = DEBUG;
				SWIFT_OPTIMIZATION_LEVEL = "-Onone";
			};
			name = Debug;
		};
		CEBDD38D22EE86A8002E4B30 /* Release */ = {
			isa = XCBuildConfiguration;
			buildSettings = {
				ALWAYS_SEARCH_USER_PATHS = NO;
				CLANG_ANALYZER_NONNULL = YES;
				CLANG_ANALYZER_NUMBER_OBJECT_CONVERSION = YES_AGGRESSIVE;
				CLANG_CXX_LANGUAGE_STANDARD = "gnu++14";
				CLANG_CXX_LIBRARY = "libc++";
				CLANG_ENABLE_MODULES = YES;
				CLANG_ENABLE_OBJC_ARC = YES;
				CLANG_ENABLE_OBJC_WEAK = YES;
				CLANG_WARN_BLOCK_CAPTURE_AUTORELEASING = YES;
				CLANG_WARN_BOOL_CONVERSION = YES;
				CLANG_WARN_COMMA = YES;
				CLANG_WARN_CONSTANT_CONVERSION = YES;
				CLANG_WARN_DEPRECATED_OBJC_IMPLEMENTATIONS = YES;
				CLANG_WARN_DIRECT_OBJC_ISA_USAGE = YES_ERROR;
				CLANG_WARN_DOCUMENTATION_COMMENTS = YES;
				CLANG_WARN_EMPTY_BODY = YES;
				CLANG_WARN_ENUM_CONVERSION = YES;
				CLANG_WARN_INFINITE_RECURSION = YES;
				CLANG_WARN_INT_CONVERSION = YES;
				CLANG_WARN_NON_LITERAL_NULL_CONVERSION = YES;
				CLANG_WARN_OBJC_IMPLICIT_RETAIN_SELF = YES;
				CLANG_WARN_OBJC_LITERAL_CONVERSION = YES;
				CLANG_WARN_OBJC_ROOT_CLASS = YES_ERROR;
				CLANG_WARN_RANGE_LOOP_ANALYSIS = YES;
				CLANG_WARN_STRICT_PROTOTYPES = YES;
				CLANG_WARN_SUSPICIOUS_MOVE = YES;
				CLANG_WARN_UNGUARDED_AVAILABILITY = YES_AGGRESSIVE;
				CLANG_WARN_UNREACHABLE_CODE = YES;
				CLANG_WARN__DUPLICATE_METHOD_MATCH = YES;
				CODE_SIGN_IDENTITY = "iPhone Developer";
				COPY_PHASE_STRIP = NO;
				DEBUG_INFORMATION_FORMAT = "dwarf-with-dsym";
				ENABLE_NS_ASSERTIONS = NO;
				ENABLE_STRICT_OBJC_MSGSEND = YES;
				GCC_C_LANGUAGE_STANDARD = gnu11;
				GCC_NO_COMMON_BLOCKS = YES;
				GCC_WARN_64_TO_32_BIT_CONVERSION = YES;
				GCC_WARN_ABOUT_RETURN_TYPE = YES_ERROR;
				GCC_WARN_UNDECLARED_SELECTOR = YES;
				GCC_WARN_UNINITIALIZED_AUTOS = YES_AGGRESSIVE;
				GCC_WARN_UNUSED_FUNCTION = YES;
				GCC_WARN_UNUSED_VARIABLE = YES;
				IPHONEOS_DEPLOYMENT_TARGET = 12.2;
				MTL_ENABLE_DEBUG_INFO = NO;
				MTL_FAST_MATH = YES;
				SDKROOT = iphoneos;
				SWIFT_COMPILATION_MODE = wholemodule;
				SWIFT_OPTIMIZATION_LEVEL = "-O";
				VALIDATE_PRODUCT = YES;
			};
			name = Release;
		};
		CEBDD38F22EE86A8002E4B30 /* Debug */ = {
			isa = XCBuildConfiguration;
			buildSettings = {
				ASSETCATALOG_COMPILER_APPICON_NAME = AppIcon;
				CODE_SIGN_STYLE = Automatic;
				DEVELOPMENT_TEAM = 7T8Z8P27DC;
				INFOPLIST_FILE = IQKeyboardManagerSwiftProject/Info.plist;
				LD_RUNPATH_SEARCH_PATHS = (
					"$(inherited)",
					"@executable_path/Frameworks",
				);
				PRODUCT_BUNDLE_IDENTIFIER = com.sample.IQKeyboardManagerSwiftProject;
				PRODUCT_NAME = "$(TARGET_NAME)";
				SWIFT_VERSION = 5.0;
				TARGETED_DEVICE_FAMILY = "1,2";
			};
			name = Debug;
		};
		CEBDD39022EE86A8002E4B30 /* Release */ = {
			isa = XCBuildConfiguration;
			buildSettings = {
				ASSETCATALOG_COMPILER_APPICON_NAME = AppIcon;
				CODE_SIGN_STYLE = Automatic;
				DEVELOPMENT_TEAM = 7T8Z8P27DC;
				INFOPLIST_FILE = IQKeyboardManagerSwiftProject/Info.plist;
				LD_RUNPATH_SEARCH_PATHS = (
					"$(inherited)",
					"@executable_path/Frameworks",
				);
				PRODUCT_BUNDLE_IDENTIFIER = com.sample.IQKeyboardManagerSwiftProject;
				PRODUCT_NAME = "$(TARGET_NAME)";
				SWIFT_VERSION = 5.0;
				TARGETED_DEVICE_FAMILY = "1,2";
			};
			name = Release;
		};
/* End XCBuildConfiguration section */

/* Begin XCConfigurationList section */
		CEBDD37722EE86A5002E4B30 /* Build configuration list for PBXProject "IQKeyboardManagerSwiftProject" */ = {
			isa = XCConfigurationList;
			buildConfigurations = (
				CEBDD38C22EE86A8002E4B30 /* Debug */,
				CEBDD38D22EE86A8002E4B30 /* Release */,
			);
			defaultConfigurationIsVisible = 0;
			defaultConfigurationName = Release;
		};
		CEBDD38E22EE86A8002E4B30 /* Build configuration list for PBXNativeTarget "IQKeyboardManagerSwiftProject" */ = {
			isa = XCConfigurationList;
			buildConfigurations = (
				CEBDD38F22EE86A8002E4B30 /* Debug */,
				CEBDD39022EE86A8002E4B30 /* Release */,
			);
			defaultConfigurationIsVisible = 0;
			defaultConfigurationName = Release;
		};
/* End XCConfigurationList section */
	};
	rootObject = CEBDD37422EE86A5002E4B30 /* Project object */;
}
